
Microsoft Visual Studio Solution File, Format Version 12.00
# Visual Studio Version 17
VisualStudioVersion = 17.8.34316.72
MinimumVisualStudioVersion = 10.0.40219.1
Project("{FAE04EC0-301F-11D3-BF4B-00C04F79EFBC}") = "SistemaInventarioV6", "SistemaInventarioV6\SistemaInventarioV6.csproj", "{1ECB1AF0-061D-4469-9EE2-5401EF5D48EF}"
EndProject
Global
	GlobalSection(SolutionConfigurationPlatforms) = preSolution
		Debug|Any CPU = Debug|Any CPU
		Release|Any CPU = Release|Any CPU
	EndGlobalSection
	GlobalSection(ProjectConfigurationPlatforms) = postSolution
		{1ECB1AF0-061D-4469-9EE2-5401EF5D48EF}.Debug|Any CPU.ActiveCfg = Debug|Any CPU
		{1ECB1AF0-061D-4469-9EE2-5401EF5D48EF}.Debug|Any CPU.Build.0 = Debug|Any CPU
		{1ECB1AF0-061D-4469-9EE2-5401EF5D48EF}.Release|Any CPU.ActiveCfg = Release|Any CPU
		{1ECB1AF0-061D-4469-9EE2-5401EF5D48EF}.Release|Any CPU.Build.0 = Release|Any CPU
	EndGlobalSection
	GlobalSection(SolutionProperties) = preSolution
		HideSolutionNode = FALSE
	EndGlobalSection
	GlobalSection(ExtensibilityGlobals) = postSolution
		SolutionGuid = {CE017658-67F1-4929-9024-D22E4E935968}
	EndGlobalSection
EndGlobal
